
Microsoft Visual Studio Solution File, Format Version 12.00
# Visual Studio Version 16
VisualStudioVersion = 16.0.31729.503
MinimumVisualStudioVersion = 10.0.40219.1
Project("{9A19103F-16F7-4668-BE54-9A1E7A4F7556}") = "BindingRoute", "BindingRoute.csproj", "{EF9E7571-B0E1-4339-BD0F-6330B296CF22}"
EndProject
Global
	GlobalSection(SolutionConfigurationPlatforms) = preSolution
		Debug|Any CPU = Debug|Any CPU
		Release|Any CPU = Release|Any CPU
	EndGlobalSection
	GlobalSection(ProjectConfigurationPlatforms) = postSolution
		{EF9E7571-B0E1-4339-BD0F-6330B296CF22}.Debug|Any CPU.ActiveCfg = Debug|Any CPU
		{EF9E7571-B0E1-4339-BD0F-6330B296CF22}.Debug|Any CPU.Build.0 = Debug|Any CPU
		{EF9E7571-B0E1-4339-BD0F-6330B296CF22}.Release|Any CPU.ActiveCfg = Release|Any CPU
		{EF9E7571-B0E1-4339-BD0F-6330B296CF22}.Release|Any CPU.Build.0 = Release|Any CPU
	EndGlobalSection
	GlobalSection(SolutionProperties) = preSolution
		HideSolutionNode = FALSE
	EndGlobalSection
	GlobalSection(ExtensibilityGlobals) = postSolution
		SolutionGuid = {5E3EA39B-00FA-43CC-8EAA-40F506E4AD25}
	EndGlobalSection
EndGlobal
